
Microsoft Visual Studio Solution File, Format Version 12.00
# Visual Studio Version 16
VisualStudioVersion = 16.0.28803.202
MinimumVisualStudioVersion = 10.0.40219.1
Project("{9A19103F-16F7-4668-BE54-9A1E7A4F7556}") = "EscapeMines", "EscapeMines\EscapeMines.csproj", "{555D08C9-A65C-4A04-99C4-8ED69193102C}"
EndProject
Project("{FAE04EC0-301F-11D3-BF4B-00C04F79EFBC}") = "EscapeMinesTests", "EscapeMinesTests\EscapeMinesTests.csproj", "{4BC89A39-557A-47C5-9B8A-D850FA142779}"
EndProject
Global
	GlobalSection(SolutionConfigurationPlatforms) = preSolution
		Debug|Any CPU = Debug|Any CPU
		Release|Any CPU = Release|Any CPU
	EndGlobalSection
	GlobalSection(ProjectConfigurationPlatforms) = postSolution
		{555D08C9-A65C-4A04-99C4-8ED69193102C}.Debug|Any CPU.ActiveCfg = Debug|Any CPU
		{555D08C9-A65C-4A04-99C4-8ED69193102C}.Debug|Any CPU.Build.0 = Debug|Any CPU
		{555D08C9-A65C-4A04-99C4-8ED69193102C}.Release|Any CPU.ActiveCfg = Release|Any CPU
		{555D08C9-A65C-4A04-99C4-8ED69193102C}.Release|Any CPU.Build.0 = Release|Any CPU
		{4BC89A39-557A-47C5-9B8A-D850FA142779}.Debug|Any CPU.ActiveCfg = Debug|Any CPU
		{4BC89A39-557A-47C5-9B8A-D850FA142779}.Debug|Any CPU.Build.0 = Debug|Any CPU
		{4BC89A39-557A-47C5-9B8A-D850FA142779}.Release|Any CPU.ActiveCfg = Release|Any CPU
		{4BC89A39-557A-47C5-9B8A-D850FA142779}.Release|Any CPU.Build.0 = Release|Any CPU
	EndGlobalSection
	GlobalSection(SolutionProperties) = preSolution
		HideSolutionNode = FALSE
	EndGlobalSection
	GlobalSection(ExtensibilityGlobals) = postSolution
		SolutionGuid = {B6187E08-EF49-4E2F-81D2-3A5CDE333E71}
	EndGlobalSection
EndGlobal
